
Microsoft Visual Studio Solution File, Format Version 12.00
# Visual Studio 15
VisualStudioVersion = 15.0.28307.271
MinimumVisualStudioVersion = 10.0.40219.1
Project("{FAE04EC0-301F-11D3-BF4B-00C04F79EFBC}") = "CertificateGenerator", "CertificateGenerator\CertificateGenerator.csproj", "{01F0F441-B75B-4170-8356-10D4C00102A9}"
EndProject
Project("{FAE04EC0-301F-11D3-BF4B-00C04F79EFBC}") = "Tests", "Tests\Tests.csproj", "{A2AE7625-1F44-47F2-A1B3-42C8635D349D}"
EndProject
Global
	GlobalSection(SolutionConfigurationPlatforms) = preSolution
		Debug|Any CPU = Debug|Any CPU
		Release|Any CPU = Release|Any CPU
	EndGlobalSection
	GlobalSection(ProjectConfigurationPlatforms) = postSolution
		{01F0F441-B75B-4170-8356-10D4C00102A9}.Debug|Any CPU.ActiveCfg = Debug|Any CPU
		{01F0F441-B75B-4170-8356-10D4C00102A9}.Debug|Any CPU.Build.0 = Debug|Any CPU
		{01F0F441-B75B-4170-8356-10D4C00102A9}.Release|Any CPU.ActiveCfg = Release|Any CPU
		{01F0F441-B75B-4170-8356-10D4C00102A9}.Release|Any CPU.Build.0 = Release|Any CPU
		{A2AE7625-1F44-47F2-A1B3-42C8635D349D}.Debug|Any CPU.ActiveCfg = Debug|Any CPU
		{A2AE7625-1F44-47F2-A1B3-42C8635D349D}.Debug|Any CPU.Build.0 = Debug|Any CPU
		{A2AE7625-1F44-47F2-A1B3-42C8635D349D}.Release|Any CPU.ActiveCfg = Release|Any CPU
		{A2AE7625-1F44-47F2-A1B3-42C8635D349D}.Release|Any CPU.Build.0 = Release|Any CPU
	EndGlobalSection
	GlobalSection(SolutionProperties) = preSolution
		HideSolutionNode = FALSE
	EndGlobalSection
	GlobalSection(ExtensibilityGlobals) = postSolution
		SolutionGuid = {6466F847-BE37-4D6E-9C4A-B3175DEA4011}
	EndGlobalSection
EndGlobal
